// !$*UTF8*$!
{
	archiveVersion = 1;
	classes = {
	};
	objectVersion = 46;
	objects = {

/* Begin PBXBuildFile section */
		6D0450EB811646B5B57627C8 /* libPods.a in Frameworks */ = {isa = PBXBuildFile; fileRef = 374A20359F526F4AFE75AAF4 /* libPods.a */; };
		ECEF8EC11DCC364500B2BDAC /* main.m in Sources */ = {isa = PBXBuildFile; fileRef = ECEF8EC01DCC364500B2BDAC /* main.m */; };
		ECEF8EC41DCC364500B2BDAC /* AppDelegate.m in Sources */ = {isa = PBXBuildFile; fileRef = ECEF8EC31DCC364500B2BDAC /* AppDelegate.m */; };
		ECEF8EC71DCC364500B2BDAC /* ViewController.m in Sources */ = {isa = PBXBuildFile; fileRef = ECEF8EC61DCC364500B2BDAC /* ViewController.m */; };
		ECEF8ECA1DCC364500B2BDAC /* Main.storyboard in Resources */ = {isa = PBXBuildFile; fileRef = ECEF8EC81DCC364500B2BDAC /* Main.storyboard */; };
		ECEF8ECC1DCC364500B2BDAC /* Assets.xcassets in Resources */ = {isa = PBXBuildFile; fileRef = ECEF8ECB1DCC364500B2BDAC /* Assets.xcassets */; };
		ECEF8ECF1DCC364500B2BDAC /* LaunchScreen.storyboard in Resources */ = {isa = PBXBuildFile; fileRef = ECEF8ECD1DCC364500B2BDAC /* LaunchScreen.storyboard */; };
		ECEF8EDA1DCC364500B2BDAC /* G1KWaveTests.m in Sources */ = {isa = PBXBuildFile; fileRef = ECEF8ED91DCC364500B2BDAC /* G1KWaveTests.m */; };
		ECEF8EE51DCC364500B2BDAC /* G1KWaveUITests.m in Sources */ = {isa = PBXBuildFile; fileRef = ECEF8EE41DCC364500B2BDAC /* G1KWaveUITests.m */; };
		ECEF8EF51DCC365E00B2BDAC /* G1KWaveView.m in Sources */ = {isa = PBXBuildFile; fileRef = ECEF8EF41DCC365E00B2BDAC /* G1KWaveView.m */; };
		ECF9885B1DD5AFE500B5AA10 /* ChatViewController.m in Sources */ = {isa = PBXBuildFile; fileRef = ECF9885A1DD5AFE500B5AA10 /* ChatViewController.m */; };
		ECF9885E1DD5B05B00B5AA10 /* SoundRecord.m in Sources */ = {isa = PBXBuildFile; fileRef = ECF9885D1DD5B05B00B5AA10 /* SoundRecord.m */; };
		ECF988621DD5B07F00B5AA10 /* AudioPlayerManager.m in Sources */ = {isa = PBXBuildFile; fileRef = ECF988611DD5B07F00B5AA10 /* AudioPlayerManager.m */; };
		ECF9886E1DD5B0CC00B5AA10 /* toast_cancelsend@2x.png in Resources */ = {isa = PBXBuildFile; fileRef = ECF988641DD5B0CC00B5AA10 /* toast_cancelsend@2x.png */; };
		ECF9886F1DD5B0CC00B5AA10 /* toast_microphone@2x.png in Resources */ = {isa = PBXBuildFile; fileRef = ECF988651DD5B0CC00B5AA10 /* toast_microphone@2x.png */; };
		ECF988701DD5B0CC00B5AA10 /* toast_timeshort@2x.png in Resources */ = {isa = PBXBuildFile; fileRef = ECF988661DD5B0CC00B5AA10 /* toast_timeshort@2x.png */; };
		ECF988711DD5B0CC00B5AA10 /* toast_vol_1@2x.png in Resources */ = {isa = PBXBuildFile; fileRef = ECF988671DD5B0CC00B5AA10 /* toast_vol_1@2x.png */; };
		ECF988721DD5B0CC00B5AA10 /* toast_vol_2@2x.png in Resources */ = {isa = PBXBuildFile; fileRef = ECF988681DD5B0CC00B5AA10 /* toast_vol_2@2x.png */; };
		ECF988731DD5B0CC00B5AA10 /* toast_vol_3@2x.png in Resources */ = {isa = PBXBuildFile; fileRef = ECF988691DD5B0CC00B5AA10 /* toast_vol_3@2x.png */; };
		ECF988741DD5B0CC00B5AA10 /* toast_vol_4@2x.png in Resources */ = {isa = PBXBuildFile; fileRef = ECF9886A1DD5B0CC00B5AA10 /* toast_vol_4@2x.png */; };
		ECF988751DD5B0CC00B5AA10 /* toast_vol_5@2x.png in Resources */ = {isa = PBXBuildFile; fileRef = ECF9886B1DD5B0CC00B5AA10 /* toast_vol_5@2x.png */; };
		ECF988761DD5B0CC00B5AA10 /* toast_vol_6@2x.png in Resources */ = {isa = PBXBuildFile; fileRef = ECF9886C1DD5B0CC00B5AA10 /* toast_vol_6@2x.png */; };
		ECF988771DD5B0CC00B5AA10 /* toast_vol_7@2x.png in Resources */ = {isa = PBXBuildFile; fileRef = ECF9886D1DD5B0CC00B5AA10 /* toast_vol_7@2x.png */; };
		ECF9887B1DD5CC1F00B5AA10 /* TempView.m in Sources */ = {isa = PBXBuildFile; fileRef = ECF9887A1DD5CC1F00B5AA10 /* TempView.m */; };
/* End PBXBuildFile section */

/* Begin PBXContainerItemProxy section */
		ECEF8ED61DCC364500B2BDAC /* PBXContainerItemProxy */ = {
			isa = PBXContainerItemProxy;
			containerPortal = ECEF8EB41DCC364500B2BDAC /* Project object */;
			proxyType = 1;
			remoteGlobalIDString = ECEF8EBB1DCC364500B2BDAC;
			remoteInfo = G1KWave;
		};
		ECEF8EE11DCC364500B2BDAC /* PBXContainerItemProxy */ = {
			isa = PBXContainerItemProxy;
			containerPortal = ECEF8EB41DCC364500B2BDAC /* Project object */;
			proxyType = 1;
			remoteGlobalIDString = ECEF8EBB1DCC364500B2BDAC;
			remoteInfo = G1KWave;
		};
/* End PBXContainerItemProxy section */

/* Begin PBXFileReference section */
		374A20359F526F4AFE75AAF4 /* libPods.a */ = {isa = PBXFileReference; explicitFileType = archive.ar; includeInIndex = 0; path = libPods.a; sourceTree = BUILT_PRODUCTS_DIR; };
		6A51AF526B428568347EB421 /* Pods.debug.xcconfig */ = {isa = PBXFileReference; includeInIndex = 1; lastKnownFileType = text.xcconfig; name = Pods.debug.xcconfig; path = "Pods/Target Support Files/Pods/Pods.debug.xcconfig"; sourceTree = "<group>"; };
		9D0B8D8F9D9E9EDCAE8C5F6E /* Pods.release.xcconfig */ = {isa = PBXFileReference; includeInIndex = 1; lastKnownFileType = text.xcconfig; name = Pods.release.xcconfig; path = "Pods/Target Support Files/Pods/Pods.release.xcconfig"; sourceTree = "<group>"; };
		ECEF8EBC1DCC364500B2BDAC /* G1KWave.app */ = {isa = PBXFileReference; explicitFileType = wrapper.application; includeInIndex = 0; path = G1KWave.app; sourceTree = BUILT_PRODUCTS_DIR; };
		ECEF8EC01DCC364500B2BDAC /* main.m */ = {isa = PBXFileReference; lastKnownFileType = sourcecode.c.objc; path = main.m; sourceTree = "<group>"; };
		ECEF8EC21DCC364500B2BDAC /* AppDelegate.h */ = {isa = PBXFileReference; lastKnownFileType = sourcecode.c.h; path = AppDelegate.h; sourceTree = "<group>"; };
		ECEF8EC31DCC364500B2BDAC /* AppDelegate.m */ = {isa = PBXFileReference; lastKnownFileType = sourcecode.c.objc; path = AppDelegate.m; sourceTree = "<group>"; };
		ECEF8EC51DCC364500B2BDAC /* ViewController.h */ = {isa = PBXFileReference; lastKnownFileType = sourcecode.c.h; path = ViewController.h; sourceTree = "<group>"; };
		ECEF8EC61DCC364500B2BDAC /* ViewController.m */ = {isa = PBXFileReference; lastKnownFileType = sourcecode.c.objc; path = ViewController.m; sourceTree = "<group>"; };
		ECEF8EC91DCC364500B2BDAC /* Base */ = {isa = PBXFileReference; lastKnownFileType = file.storyboard; name = Base; path = Base.lproj/Main.storyboard; sourceTree = "<group>"; };
		ECEF8ECB1DCC364500B2BDAC /* Assets.xcassets */ = {isa = PBXFileReference; lastKnownFileType = folder.assetcatalog; path = Assets.xcassets; sourceTree = "<group>"; };
		ECEF8ECE1DCC364500B2BDAC /* Base */ = {isa = PBXFileReference; lastKnownFileType = file.storyboard; name = Base; path = Base.lproj/LaunchScreen.storyboard; sourceTree = "<group>"; };
		ECEF8ED01DCC364500B2BDAC /* Info.plist */ = {isa = PBXFileReference; lastKnownFileType = text.plist.xml; path = Info.plist; sourceTree = "<group>"; };
		ECEF8ED51DCC364500B2BDAC /* G1KWaveTests.xctest */ = {isa = PBXFileReference; explicitFileType = wrapper.cfbundle; includeInIndex = 0; path = G1KWaveTests.xctest; sourceTree = BUILT_PRODUCTS_DIR; };
		ECEF8ED91DCC364500B2BDAC /* G1KWaveTests.m */ = {isa = PBXFileReference; lastKnownFileType = sourcecode.c.objc; path = G1KWaveTests.m; sourceTree = "<group>"; };
		ECEF8EDB1DCC364500B2BDAC /* Info.plist */ = {isa = PBXFileReference; lastKnownFileType = text.plist.xml; path = Info.plist; sourceTree = "<group>"; };
		ECEF8EE01DCC364500B2BDAC /* G1KWaveUITests.xctest */ = {isa = PBXFileReference; explicitFileType = wrapper.cfbundle; includeInIndex = 0; path = G1KWaveUITests.xctest; sourceTree = BUILT_PRODUCTS_DIR; };
		ECEF8EE41DCC364500B2BDAC /* G1KWaveUITests.m */ = {isa = PBXFileReference; lastKnownFileType = sourcecode.c.objc; path = G1KWaveUITests.m; sourceTree = "<group>"; };
		ECEF8EE61DCC364500B2BDAC /* Info.plist */ = {isa = PBXFileReference; lastKnownFileType = text.plist.xml; path = Info.plist; sourceTree = "<group>"; };
		ECEF8EF31DCC365E00B2BDAC /* G1KWaveView.h */ = {isa = PBXFileReference; fileEncoding = 4; lastKnownFileType = sourcecode.c.h; path = G1KWaveView.h; sourceTree = "<group>"; };
		ECEF8EF41DCC365E00B2BDAC /* G1KWaveView.m */ = {isa = PBXFileReference; fileEncoding = 4; lastKnownFileType = sourcecode.c.objc; path = G1KWaveView.m; sourceTree = "<group>"; };
		ECF988591DD5AFE500B5AA10 /* ChatViewController.h */ = {isa = PBXFileReference; fileEncoding = 4; lastKnownFileType = sourcecode.c.h; path = ChatViewController.h; sourceTree = "<group>"; };
		ECF9885A1DD5AFE500B5AA10 /* ChatViewController.m */ = {isa = PBXFileReference; fileEncoding = 4; lastKnownFileType = sourcecode.c.objc; path = ChatViewController.m; sourceTree = "<group>"; };
		ECF9885C1DD5B05B00B5AA10 /* SoundRecord.h */ = {isa = PBXFileReference; fileEncoding = 4; lastKnownFileType = sourcecode.c.h; path = SoundRecord.h; sourceTree = "<group>"; };
		ECF9885D1DD5B05B00B5AA10 /* SoundRecord.m */ = {isa = PBXFileReference; fileEncoding = 4; lastKnownFileType = sourcecode.c.objc; path = SoundRecord.m; sourceTree = "<group>"; };
		ECF988601DD5B07F00B5AA10 /* AudioPlayerManager.h */ = {isa = PBXFileReference; fileEncoding = 4; lastKnownFileType = sourcecode.c.h; path = AudioPlayerManager.h; sourceTree = "<group>"; };
		ECF988611DD5B07F00B5AA10 /* AudioPlayerManager.m */ = {isa = PBXFileReference; fileEncoding = 4; lastKnownFileType = sourcecode.c.objc; path = AudioPlayerManager.m; sourceTree = "<group>"; };
		ECF988641DD5B0CC00B5AA10 /* toast_cancelsend@2x.png */ = {isa = PBXFileReference; lastKnownFileType = image.png; path = "toast_cancelsend@2x.png"; sourceTree = "<group>"; };
		ECF988651DD5B0CC00B5AA10 /* toast_microphone@2x.png */ = {isa = PBXFileReference; lastKnownFileType = image.png; path = "toast_microphone@2x.png"; sourceTree = "<group>"; };
		ECF988661DD5B0CC00B5AA10 /* toast_timeshort@2x.png */ = {isa = PBXFileReference; lastKnownFileType = image.png; path = "toast_timeshort@2x.png"; sourceTree = "<group>"; };
		ECF988671DD5B0CC00B5AA10 /* toast_vol_1@2x.png */ = {isa = PBXFileReference; lastKnownFileType = image.png; path = "toast_vol_1@2x.png"; sourceTree = "<group>"; };
		ECF988681DD5B0CC00B5AA10 /* toast_vol_2@2x.png */ = {isa = PBXFileReference; lastKnownFileType = image.png; path = "toast_vol_2@2x.png"; sourceTree = "<group>"; };
		ECF988691DD5B0CC00B5AA10 /* toast_vol_3@2x.png */ = {isa = PBXFileReference; lastKnownFileType = image.png; path = "toast_vol_3@2x.png"; sourceTree = "<group>"; };
		ECF9886A1DD5B0CC00B5AA10 /* toast_vol_4@2x.png */ = {isa = PBXFileReference; lastKnownFileType = image.png; path = "toast_vol_4@2x.png"; sourceTree = "<group>"; };
		ECF9886B1DD5B0CC00B5AA10 /* toast_vol_5@2x.png */ = {isa = PBXFileReference; lastKnownFileType = image.png; path = "toast_vol_5@2x.png"; sourceTree = "<group>"; };
		ECF9886C1DD5B0CC00B5AA10 /* toast_vol_6@2x.png */ = {isa = PBXFileReference; lastKnownFileType = image.png; path = "toast_vol_6@2x.png"; sourceTree = "<group>"; };
		ECF9886D1DD5B0CC00B5AA10 /* toast_vol_7@2x.png */ = {isa = PBXFileReference; lastKnownFileType = image.png; path = "toast_vol_7@2x.png"; sourceTree = "<group>"; };
		ECF988781DD5B47F00B5AA10 /* KvConst.h */ = {isa = PBXFileReference; fileEncoding = 4; lastKnownFileType = sourcecode.c.h; path = KvConst.h; sourceTree = "<group>"; };
		ECF988791DD5CC1F00B5AA10 /* TempView.h */ = {isa = PBXFileReference; fileEncoding = 4; lastKnownFileType = sourcecode.c.h; path = TempView.h; sourceTree = "<group>"; };
		ECF9887A1DD5CC1F00B5AA10 /* TempView.m */ = {isa = PBXFileReference; fileEncoding = 4; lastKnownFileType = sourcecode.c.objc; path = TempView.m; sourceTree = "<group>"; };
/* End PBXFileReference section */

/* Begin PBXFrameworksBuildPhase section */
		ECEF8EB91DCC364500B2BDAC /* Frameworks */ = {
			isa = PBXFrameworksBuildPhase;
			buildActionMask = 2147483647;
			files = (
				6D0450EB811646B5B57627C8 /* libPods.a in Frameworks */,
			);
			runOnlyForDeploymentPostprocessing = 0;
		};
		ECEF8ED21DCC364500B2BDAC /* Frameworks */ = {
			isa = PBXFrameworksBuildPhase;
			buildActionMask = 2147483647;
			files = (
			);
			runOnlyForDeploymentPostprocessing = 0;
		};
		ECEF8EDD1DCC364500B2BDAC /* Frameworks */ = {
			isa = PBXFrameworksBuildPhase;
			buildActionMask = 2147483647;
			files = (
			);
			runOnlyForDeploymentPostprocessing = 0;
		};
/* End PBXFrameworksBuildPhase section */

/* Begin PBXGroup section */
		958877E9A359416608F5A7FD /* Frameworks */ = {
			isa = PBXGroup;
			children = (
				374A20359F526F4AFE75AAF4 /* libPods.a */,
			);
			name = Frameworks;
			sourceTree = "<group>";
		};
		ECEF8EB31DCC364500B2BDAC = {
			isa = PBXGroup;
			children = (
				ECEF8EBE1DCC364500B2BDAC /* G1KWave */,
				ECEF8ED81DCC364500B2BDAC /* G1KWaveTests */,
				ECEF8EE31DCC364500B2BDAC /* G1KWaveUITests */,
				ECEF8EBD1DCC364500B2BDAC /* Products */,
				F3E9906D5561E30CF69197E4 /* Pods */,
				958877E9A359416608F5A7FD /* Frameworks */,
			);
			sourceTree = "<group>";
		};
		ECEF8EBD1DCC364500B2BDAC /* Products */ = {
			isa = PBXGroup;
			children = (
				ECEF8EBC1DCC364500B2BDAC /* G1KWave.app */,
				ECEF8ED51DCC364500B2BDAC /* G1KWaveTests.xctest */,
				ECEF8EE01DCC364500B2BDAC /* G1KWaveUITests.xctest */,
			);
			name = Products;
			sourceTree = "<group>";
		};
		ECEF8EBE1DCC364500B2BDAC /* G1KWave */ = {
			isa = PBXGroup;
			children = (
				ECF988631DD5B0B400B5AA10 /* Resources */,
				ECF9885F1DD5B06200B5AA10 /* sound-recording */,
				ECEF8EF21DCC364B00B2BDAC /* wave */,
				ECEF8EC21DCC364500B2BDAC /* AppDelegate.h */,
				ECEF8EC31DCC364500B2BDAC /* AppDelegate.m */,
				ECEF8EC51DCC364500B2BDAC /* ViewController.h */,
				ECEF8EC61DCC364500B2BDAC /* ViewController.m */,
				ECF988791DD5CC1F00B5AA10 /* TempView.h */,
				ECF9887A1DD5CC1F00B5AA10 /* TempView.m */,
				ECF988591DD5AFE500B5AA10 /* ChatViewController.h */,
				ECF9885A1DD5AFE500B5AA10 /* ChatViewController.m */,
				ECF988781DD5B47F00B5AA10 /* KvConst.h */,
				ECEF8EC81DCC364500B2BDAC /* Main.storyboard */,
				ECEF8ECB1DCC364500B2BDAC /* Assets.xcassets */,
				ECEF8ECD1DCC364500B2BDAC /* LaunchScreen.storyboard */,
				ECEF8ED01DCC364500B2BDAC /* Info.plist */,
				ECEF8EBF1DCC364500B2BDAC /* Supporting Files */,
			);
			path = G1KWave;
			sourceTree = "<group>";
		};
		ECEF8EBF1DCC364500B2BDAC /* Supporting Files */ = {
			isa = PBXGroup;
			children = (
				ECEF8EC01DCC364500B2BDAC /* main.m */,
			);
			name = "Supporting Files";
			sourceTree = "<group>";
		};
		ECEF8ED81DCC364500B2BDAC /* G1KWaveTests */ = {
			isa = PBXGroup;
			children = (
				ECEF8ED91DCC364500B2BDAC /* G1KWaveTests.m */,
				ECEF8EDB1DCC364500B2BDAC /* Info.plist */,
			);
			path = G1KWaveTests;
			sourceTree = "<group>";
		};
		ECEF8EE31DCC364500B2BDAC /* G1KWaveUITests */ = {
			isa = PBXGroup;
			children = (
				ECEF8EE41DCC364500B2BDAC /* G1KWaveUITests.m */,
				ECEF8EE61DCC364500B2BDAC /* Info.plist */,
			);
			path = G1KWaveUITests;
			sourceTree = "<group>";
		};
		ECEF8EF21DCC364B00B2BDAC /* wave */ = {
			isa = PBXGroup;
			children = (
				ECEF8EF31DCC365E00B2BDAC /* G1KWaveView.h */,
				ECEF8EF41DCC365E00B2BDAC /* G1KWaveView.m */,
			);
			name = wave;
			sourceTree = "<group>";
		};
		ECF9885F1DD5B06200B5AA10 /* sound-recording */ = {
			isa = PBXGroup;
			children = (
				ECF9885C1DD5B05B00B5AA10 /* SoundRecord.h */,
				ECF9885D1DD5B05B00B5AA10 /* SoundRecord.m */,
				ECF988601DD5B07F00B5AA10 /* AudioPlayerManager.h */,
				ECF988611DD5B07F00B5AA10 /* AudioPlayerManager.m */,
			);
			name = "sound-recording";
			sourceTree = "<group>";
		};
		ECF988631DD5B0B400B5AA10 /* Resources */ = {
			isa = PBXGroup;
			children = (
				ECF988641DD5B0CC00B5AA10 /* toast_cancelsend@2x.png */,
				ECF988651DD5B0CC00B5AA10 /* toast_microphone@2x.png */,
				ECF988661DD5B0CC00B5AA10 /* toast_timeshort@2x.png */,
				ECF988671DD5B0CC00B5AA10 /* toast_vol_1@2x.png */,
				ECF988681DD5B0CC00B5AA10 /* toast_vol_2@2x.png */,
				ECF988691DD5B0CC00B5AA10 /* toast_vol_3@2x.png */,
				ECF9886A1DD5B0CC00B5AA10 /* toast_vol_4@2x.png */,
				ECF9886B1DD5B0CC00B5AA10 /* toast_vol_5@2x.png */,
				ECF9886C1DD5B0CC00B5AA10 /* toast_vol_6@2x.png */,
				ECF9886D1DD5B0CC00B5AA10 /* toast_vol_7@2x.png */,
			);
			name = Resources;
			sourceTree = "<group>";
		};
		F3E9906D5561E30CF69197E4 /* Pods */ = {
			isa = PBXGroup;
			children = (
				6A51AF526B428568347EB421 /* Pods.debug.xcconfig */,
				9D0B8D8F9D9E9EDCAE8C5F6E /* Pods.release.xcconfig */,
			);
			name = Pods;
			sourceTree = "<group>";
		};
/* End PBXGroup section */

/* Begin PBXNativeTarget section */
		ECEF8EBB1DCC364500B2BDAC /* G1KWave */ = {
			isa = PBXNativeTarget;
			buildConfigurationList = ECEF8EE91DCC364500B2BDAC /* Build configuration list for PBXNativeTarget "G1KWave" */;
			buildPhases = (
				EED25CE0A8EE483D5DA1D210 /* Check Pods Manifest.lock */,
				ECEF8EB81DCC364500B2BDAC /* Sources */,
				ECEF8EB91DCC364500B2BDAC /* Frameworks */,
				ECEF8EBA1DCC364500B2BDAC /* Resources */,
				F2E6E70C43AAF737F85B0223 /* Embed Pods Frameworks */,
				248F67860811DDE426B4E949 /* Copy Pods Resources */,
			);
			buildRules = (
			);
			dependencies = (
			);
			name = G1KWave;
			productName = G1KWave;
			productReference = ECEF8EBC1DCC364500B2BDAC /* G1KWave.app */;
			productType = "com.apple.product-type.application";
		};
		ECEF8ED41DCC364500B2BDAC /* G1KWaveTests */ = {
			isa = PBXNativeTarget;
			buildConfigurationList = ECEF8EEC1DCC364500B2BDAC /* Build configuration list for PBXNativeTarget "G1KWaveTests" */;
			buildPhases = (
				ECEF8ED11DCC364500B2BDAC /* Sources */,
				ECEF8ED21DCC364500B2BDAC /* Frameworks */,
				ECEF8ED31DCC364500B2BDAC /* Resources */,
			);
			buildRules = (
			);
			dependencies = (
				ECEF8ED71DCC364500B2BDAC /* PBXTargetDependency */,
			);
			name = G1KWaveTests;
			productName = G1KWaveTests;
			productReference = ECEF8ED51DCC364500B2BDAC /* G1KWaveTests.xctest */;
			productType = "com.apple.product-type.bundle.unit-test";
		};
		ECEF8EDF1DCC364500B2BDAC /* G1KWaveUITests */ = {
			isa = PBXNativeTarget;
			buildConfigurationList = ECEF8EEF1DCC364500B2BDAC /* Build configuration list for PBXNativeTarget "G1KWaveUITests" */;
			buildPhases = (
				ECEF8EDC1DCC364500B2BDAC /* Sources */,
				ECEF8EDD1DCC364500B2BDAC /* Frameworks */,
				ECEF8EDE1DCC364500B2BDAC /* Resources */,
			);
			buildRules = (
			);
			dependencies = (
				ECEF8EE21DCC364500B2BDAC /* PBXTargetDependency */,
			);
			name = G1KWaveUITests;
			productName = G1KWaveUITests;
			productReference = ECEF8EE01DCC364500B2BDAC /* G1KWaveUITests.xctest */;
			productType = "com.apple.product-type.bundle.ui-testing";
		};
/* End PBXNativeTarget section */

/* Begin PBXProject section */
		ECEF8EB41DCC364500B2BDAC /* Project object */ = {
			isa = PBXProject;
			attributes = {
				LastUpgradeCheck = 0800;
				ORGANIZATIONNAME = SOBF;
				TargetAttributes = {
					ECEF8EBB1DCC364500B2BDAC = {
						CreatedOnToolsVersion = 8.0;
						DevelopmentTeam = 4B938222ZG;
						ProvisioningStyle = Automatic;
					};
					ECEF8ED41DCC364500B2BDAC = {
						CreatedOnToolsVersion = 8.0;
						DevelopmentTeam = 4B938222ZG;
						ProvisioningStyle = Automatic;
						TestTargetID = ECEF8EBB1DCC364500B2BDAC;
					};
					ECEF8EDF1DCC364500B2BDAC = {
						CreatedOnToolsVersion = 8.0;
						DevelopmentTeam = 4B938222ZG;
						ProvisioningStyle = Automatic;
						TestTargetID = ECEF8EBB1DCC364500B2BDAC;
					};
				};
			};
			buildConfigurationList = ECEF8EB71DCC364500B2BDAC /* Build configuration list for PBXProject "G1KWave" */;
			compatibilityVersion = "Xcode 3.2";
			developmentRegion = English;
			hasScannedForEncodings = 0;
			knownRegions = (
				en,
				Base,
			);
			mainGroup = ECEF8EB31DCC364500B2BDAC;
			productRefGroup = ECEF8EBD1DCC364500B2BDAC /* Products */;
			projectDirPath = "";
			projectRoot = "";
			targets = (
				ECEF8EBB1DCC364500B2BDAC /* G1KWave */,
				ECEF8ED41DCC364500B2BDAC /* G1KWaveTests */,
				ECEF8EDF1DCC364500B2BDAC /* G1KWaveUITests */,
			);
		};
/* End PBXProject section */

/* Begin PBXResourcesBuildPhase section */
		ECEF8EBA1DCC364500B2BDAC /* Resources */ = {
			isa = PBXResourcesBuildPhase;
			buildActionMask = 2147483647;
			files = (
				ECF988711DD5B0CC00B5AA10 /* toast_vol_1@2x.png in Resources */,
				ECF988701DD5B0CC00B5AA10 /* toast_timeshort@2x.png in Resources */,
				ECF988751DD5B0CC00B5AA10 /* toast_vol_5@2x.png in Resources */,
				ECEF8ECF1DCC364500B2BDAC /* LaunchScreen.storyboard in Resources */,
				ECF988721DD5B0CC00B5AA10 /* toast_vol_2@2x.png in Resources */,
				ECEF8ECC1DCC364500B2BDAC /* Assets.xcassets in Resources */,
				ECF9886E1DD5B0CC00B5AA10 /* toast_cancelsend@2x.png in Resources */,
				ECF988761DD5B0CC00B5AA10 /* toast_vol_6@2x.png in Resources */,
				ECEF8ECA1DCC364500B2BDAC /* Main.storyboard in Resources */,
				ECF988741DD5B0CC00B5AA10 /* toast_vol_4@2x.png in Resources */,
				ECF988771DD5B0CC00B5AA10 /* toast_vol_7@2x.png in Resources */,
				ECF9886F1DD5B0CC00B5AA10 /* toast_microphone@2x.png in Resources */,
				ECF988731DD5B0CC00B5AA10 /* toast_vol_3@2x.png in Resources */,
			);
			runOnlyForDeploymentPostprocessing = 0;
		};
		ECEF8ED31DCC364500B2BDAC /* Resources */ = {
			isa = PBXResourcesBuildPhase;
			buildActionMask = 2147483647;
			files = (
			);
			runOnlyForDeploymentPostprocessing = 0;
		};
		ECEF8EDE1DCC364500B2BDAC /* Resources */ = {
			isa = PBXResourcesBuildPhase;
			buildActionMask = 2147483647;
			files = (
			);
			runOnlyForDeploymentPostprocessing = 0;
		};
/* End PBXResourcesBuildPhase section */

/* Begin PBXShellScriptBuildPhase section */
		248F67860811DDE426B4E949 /* Copy Pods Resources */ = {
			isa = PBXShellScriptBuildPhase;
			buildActionMask = 2147483647;
			files = (
			);
			inputPaths = (
			);
			name = "Copy Pods Resources";
			outputPaths = (
			);
			runOnlyForDeploymentPostprocessing = 0;
			shellPath = /bin/sh;
			shellScript = "\"${SRCROOT}/Pods/Target Support Files/Pods/Pods-resources.sh\"\n";
			showEnvVarsInLog = 0;
		};
		EED25CE0A8EE483D5DA1D210 /* Check Pods Manifest.lock */ = {
			isa = PBXShellScriptBuildPhase;
			buildActionMask = 2147483647;
			files = (
			);
			inputPaths = (
			);
			name = "Check Pods Manifest.lock";
			outputPaths = (
			);
			runOnlyForDeploymentPostprocessing = 0;
			shellPath = /bin/sh;
			shellScript = "diff \"${PODS_ROOT}/../Podfile.lock\" \"${PODS_ROOT}/Manifest.lock\" > /dev/null\nif [[ $? != 0 ]] ; then\n    cat << EOM\nerror: The sandbox is not in sync with the Podfile.lock. Run 'pod install' or update your CocoaPods installation.\nEOM\n    exit 1\nfi\n";
			showEnvVarsInLog = 0;
		};
		F2E6E70C43AAF737F85B0223 /* Embed Pods Frameworks */ = {
			isa = PBXShellScriptBuildPhase;
			buildActionMask = 2147483647;
			files = (
			);
			inputPaths = (
			);
			name = "Embed Pods Frameworks";
			outputPaths = (
			);
			runOnlyForDeploymentPostprocessing = 0;
			shellPath = /bin/sh;
			shellScript = "\"${SRCROOT}/Pods/Target Support Files/Pods/Pods-frameworks.sh\"\n";
			showEnvVarsInLog = 0;
		};
/* End PBXShellScriptBuildPhase section */

/* Begin PBXSourcesBuildPhase section */
		ECEF8EB81DCC364500B2BDAC /* Sources */ = {
			isa = PBXSourcesBuildPhase;
			buildActionMask = 2147483647;
			files = (
				ECF9885E1DD5B05B00B5AA10 /* SoundRecord.m in Sources */,
				ECEF8EC71DCC364500B2BDAC /* ViewController.m in Sources */,
				ECF988621DD5B07F00B5AA10 /* AudioPlayerManager.m in Sources */,
				ECEF8EF51DCC365E00B2BDAC /* G1KWaveView.m in Sources */,
				ECF9885B1DD5AFE500B5AA10 /* ChatViewController.m in Sources */,
				ECEF8EC41DCC364500B2BDAC /* AppDelegate.m in Sources */,
				ECF9887B1DD5CC1F00B5AA10 /* TempView.m in Sources */,
				ECEF8EC11DCC364500B2BDAC /* main.m in Sources */,
			);
			runOnlyForDeploymentPostprocessing = 0;
		};
		ECEF8ED11DCC364500B2BDAC /* Sources */ = {
			isa = PBXSourcesBuildPhase;
			buildActionMask = 2147483647;
			files = (
				ECEF8EDA1DCC364500B2BDAC /* G1KWaveTests.m in Sources */,
			);
			runOnlyForDeploymentPostprocessing = 0;
		};
		ECEF8EDC1DCC364500B2BDAC /* Sources */ = {
			isa = PBXSourcesBuildPhase;
			buildActionMask = 2147483647;
			files = (
				ECEF8EE51DCC364500B2BDAC /* G1KWaveUITests.m in Sources */,
			);
			runOnlyForDeploymentPostprocessing = 0;
		};
/* End PBXSourcesBuildPhase section */

/* Begin PBXTargetDependency section */
		ECEF8ED71DCC364500B2BDAC /* PBXTargetDependency */ = {
			isa = PBXTargetDependency;
			target = ECEF8EBB1DCC364500B2BDAC /* G1KWave */;
			targetProxy = ECEF8ED61DCC364500B2BDAC /* PBXContainerItemProxy */;
		};
		ECEF8EE21DCC364500B2BDAC /* PBXTargetDependency */ = {
			isa = PBXTargetDependency;
			target = ECEF8EBB1DCC364500B2BDAC /* G1KWave */;
			targetProxy = ECEF8EE11DCC364500B2BDAC /* PBXContainerItemProxy */;
		};
/* End PBXTargetDependency section */

/* Begin PBXVariantGroup section */
		ECEF8EC81DCC364500B2BDAC /* Main.storyboard */ = {
			isa = PBXVariantGroup;
			children = (
				ECEF8EC91DCC364500B2BDAC /* Base */,
			);
			name = Main.storyboard;
			sourceTree = "<group>";
		};
		ECEF8ECD1DCC364500B2BDAC /* LaunchScreen.storyboard */ = {
			isa = PBXVariantGroup;
			children = (
				ECEF8ECE1DCC364500B2BDAC /* Base */,
			);
			name = LaunchScreen.storyboard;
			sourceTree = "<group>";
		};
/* End PBXVariantGroup section */

/* Begin XCBuildConfiguration section */
		ECEF8EE71DCC364500B2BDAC /* Debug */ = {
			isa = XCBuildConfiguration;
			buildSettings = {
				ALWAYS_SEARCH_USER_PATHS = NO;
				CLANG_ANALYZER_NONNULL = YES;
				CLANG_CXX_LANGUAGE_STANDARD = "gnu++0x";
				CLANG_CXX_LIBRARY = "libc++";
				CLANG_ENABLE_MODULES = YES;
				CLANG_ENABLE_OBJC_ARC = YES;
				CLANG_WARN_BOOL_CONVERSION = YES;
				CLANG_WARN_CONSTANT_CONVERSION = YES;
				CLANG_WARN_DIRECT_OBJC_ISA_USAGE = YES_ERROR;
				CLANG_WARN_DOCUMENTATION_COMMENTS = YES;
				CLANG_WARN_EMPTY_BODY = YES;
				CLANG_WARN_ENUM_CONVERSION = YES;
				CLANG_WARN_INFINITE_RECURSION = YES;
				CLANG_WARN_INT_CONVERSION = YES;
				CLANG_WARN_OBJC_ROOT_CLASS = YES_ERROR;
				CLANG_WARN_SUSPICIOUS_MOVES = YES;
				CLANG_WARN_UNREACHABLE_CODE = YES;
				CLANG_WARN__DUPLICATE_METHOD_MATCH = YES;
				"CODE_SIGN_IDENTITY[sdk=iphoneos*]" = "iPhone Developer";
				COPY_PHASE_STRIP = NO;
				DEBUG_INFORMATION_FORMAT = dwarf;
				ENABLE_STRICT_OBJC_MSGSEND = YES;
				ENABLE_TESTABILITY = YES;
				GCC_C_LANGUAGE_STANDARD = gnu99;
				GCC_DYNAMIC_NO_PIC = NO;
				GCC_NO_COMMON_BLOCKS = YES;
				GCC_OPTIMIZATION_LEVEL = 0;
				GCC_PREPROCESSOR_DEFINITIONS = (
					"DEBUG=1",
					"$(inherited)",
				);
				GCC_WARN_64_TO_32_BIT_CONVERSION = YES;
				GCC_WARN_ABOUT_RETURN_TYPE = YES_ERROR;
				GCC_WARN_UNDECLARED_SELECTOR = YES;
				GCC_WARN_UNINITIALIZED_AUTOS = YES_AGGRESSIVE;
				GCC_WARN_UNUSED_FUNCTION = YES;
				GCC_WARN_UNUSED_VARIABLE = YES;
				IPHONEOS_DEPLOYMENT_TARGET = 10.0;
				MTL_ENABLE_DEBUG_INFO = YES;
				ONLY_ACTIVE_ARCH = YES;
				SDKROOT = iphoneos;
				TARGETED_DEVICE_FAMILY = "1,2";
			};
			name = Debug;
		};
		ECEF8EE81DCC364500B2BDAC /* Release */ = {
			isa = XCBuildConfiguration;
			buildSettings = {
				ALWAYS_SEARCH_USER_PATHS = NO;
				CLANG_ANALYZER_NONNULL = YES;
				CLANG_CXX_LANGUAGE_STANDARD = "gnu++0x";
				CLANG_CXX_LIBRARY = "libc++";
				CLANG_ENABLE_MODULES = YES;
				CLANG_ENABLE_OBJC_ARC = YES;
				CLANG_WARN_BOOL_CONVERSION = YES;
				CLANG_WARN_CONSTANT_CONVERSION = YES;
				CLANG_WARN_DIRECT_OBJC_ISA_USAGE = YES_ERROR;
				CLANG_WARN_DOCUMENTATION_COMMENTS = YES;
				CLANG_WARN_EMPTY_BODY = YES;
				CLANG_WARN_ENUM_CONVERSION = YES;
				CLANG_WARN_INFINITE_RECURSION = YES;
				CLANG_WARN_INT_CONVERSION = YES;
				CLANG_WARN_OBJC_ROOT_CLASS = YES_ERROR;
				CLANG_WARN_SUSPICIOUS_MOVES = YES;
				CLANG_WARN_UNREACHABLE_CODE = YES;
				CLANG_WARN__DUPLICATE_METHOD_MATCH = YES;
				"CODE_SIGN_IDENTITY[sdk=iphoneos*]" = "iPhone Developer";
				COPY_PHASE_STRIP = NO;
				DEBUG_INFORMATION_FORMAT = "dwarf-with-dsym";
				ENABLE_NS_ASSERTIONS = NO;
				ENABLE_STRICT_OBJC_MSGSEND = YES;
				GCC_C_LANGUAGE_STANDARD = gnu99;
				GCC_NO_COMMON_BLOCKS = YES;
				GCC_WARN_64_TO_32_BIT_CONVERSION = YES;
				GCC_WARN_ABOUT_RETURN_TYPE = YES_ERROR;
				GCC_WARN_UNDECLARED_SELECTOR = YES;
				GCC_WARN_UNINITIALIZED_AUTOS = YES_AGGRESSIVE;
				GCC_WARN_UNUSED_FUNCTION = YES;
				GCC_WARN_UNUSED_VARIABLE = YES;
				IPHONEOS_DEPLOYMENT_TARGET = 10.0;
				MTL_ENABLE_DEBUG_INFO = NO;
				SDKROOT = iphoneos;
				TARGETED_DEVICE_FAMILY = "1,2";
				VALIDATE_PRODUCT = YES;
			};
			name = Release;
		};
		ECEF8EEA1DCC364500B2BDAC /* Debug */ = {
			isa = XCBuildConfiguration;
			baseConfigurationReference = 6A51AF526B428568347EB421 /* Pods.debug.xcconfig */;
			buildSettings = {
				ASSETCATALOG_COMPILER_APPICON_NAME = AppIcon;
				DEVELOPMENT_TEAM = 4B938222ZG;
				INFOPLIST_FILE = G1KWave/Info.plist;
				IPHONEOS_DEPLOYMENT_TARGET = 8.1;
				LD_RUNPATH_SEARCH_PATHS = "$(inherited) @executable_path/Frameworks";
				PRODUCT_BUNDLE_IDENTIFIER = com.sobf.G1KWave;
				PRODUCT_NAME = "$(TARGET_NAME)";
			};
			name = Debug;
		};
		ECEF8EEB1DCC364500B2BDAC /* Release */ = {
			isa = XCBuildConfiguration;
			baseConfigurationReference = 9D0B8D8F9D9E9EDCAE8C5F6E /* Pods.release.xcconfig */;
			buildSettings = {
				ASSETCATALOG_COMPILER_APPICON_NAME = AppIcon;
				DEVELOPMENT_TEAM = 4B938222ZG;
				INFOPLIST_FILE = G1KWave/Info.plist;
				IPHONEOS_DEPLOYMENT_TARGET = 8.1;
				LD_RUNPATH_SEARCH_PATHS = "$(inherited) @executable_path/Frameworks";
				PRODUCT_BUNDLE_IDENTIFIER = com.sobf.G1KWave;
				PRODUCT_NAME = "$(TARGET_NAME)";
			};
			name = Release;
		};
		ECEF8EED1DCC364500B2BDAC /* Debug */ = {
			isa = XCBuildConfiguration;
			buildSettings = {
				BUNDLE_LOADER = "$(TEST_HOST)";
				DEVELOPMENT_TEAM = 4B938222ZG;
				INFOPLIST_FILE = G1KWaveTests/Info.plist;
				LD_RUNPATH_SEARCH_PATHS = "$(inherited) @executable_path/Frameworks @loader_path/Frameworks";
				PRODUCT_BUNDLE_IDENTIFIER = com.sobf.G1KWaveTests;
				PRODUCT_NAME = "$(TARGET_NAME)";
				TEST_HOST = "$(BUILT_PRODUCTS_DIR)/G1KWave.app/G1KWave";
			};
			name = Debug;
		};
		ECEF8EEE1DCC364500B2BDAC /* Release */ = {
			isa = XCBuildConfiguration;
			buildSettings = {
				BUNDLE_LOADER = "$(TEST_HOST)";
				DEVELOPMENT_TEAM = 4B938222ZG;
				INFOPLIST_FILE = G1KWaveTests/Info.plist;
				LD_RUNPATH_SEARCH_PATHS = "$(inherited) @executable_path/Frameworks @loader_path/Frameworks";
				PRODUCT_BUNDLE_IDENTIFIER = com.sobf.G1KWaveTests;
				PRODUCT_NAME = "$(TARGET_NAME)";
				TEST_HOST = "$(BUILT_PRODUCTS_DIR)/G1KWave.app/G1KWave";
			};
			name = Release;
		};
		ECEF8EF01DCC364500B2BDAC /* Debug */ = {
			isa = XCBuildConfiguration;
			buildSettings = {
				DEVELOPMENT_TEAM = 4B938222ZG;
				INFOPLIST_FILE = G1KWaveUITests/Info.plist;
				LD_RUNPATH_SEARCH_PATHS = "$(inherited) @executable_path/Frameworks @loader_path/Frameworks";
				PRODUCT_BUNDLE_IDENTIFIER = com.sobf.G1KWaveUITests;
				PRODUCT_NAME = "$(TARGET_NAME)";
				TEST_TARGET_NAME = G1KWave;
			};
			name = Debug;
		};
		ECEF8EF11DCC364500B2BDAC /* Release */ = {
			isa = XCBuildConfiguration;
			buildSettings = {
				DEVELOPMENT_TEAM = 4B938222ZG;
				INFOPLIST_FILE = G1KWaveUITests/Info.plist;
				LD_RUNPATH_SEARCH_PATHS = "$(inherited) @executable_path/Frameworks @loader_path/Frameworks";
				PRODUCT_BUNDLE_IDENTIFIER = com.sobf.G1KWaveUITests;
				PRODUCT_NAME = "$(TARGET_NAME)";
				TEST_TARGET_NAME = G1KWave;
			};
			name = Release;
		};
/* End XCBuildConfiguration section */

/* Begin XCConfigurationList section */
		ECEF8EB71DCC364500B2BDAC /* Build configuration list for PBXProject "G1KWave" */ = {
			isa = XCConfigurationList;
			buildConfigurations = (
				ECEF8EE71DCC364500B2BDAC /* Debug */,
				ECEF8EE81DCC364500B2BDAC /* Release */,
			);
			defaultConfigurationIsVisible = 0;
			defaultConfigurationName = Release;
		};
		ECEF8EE91DCC364500B2BDAC /* Build configuration list for PBXNativeTarget "G1KWave" */ = {
			isa = XCConfigurationList;
			buildConfigurations = (
				ECEF8EEA1DCC364500B2BDAC /* Debug */,
				ECEF8EEB1DCC364500B2BDAC /* Release */,
			);
			defaultConfigurationIsVisible = 0;
			defaultConfigurationName = Release;
		};
		ECEF8EEC1DCC364500B2BDAC /* Build configuration list for PBXNativeTarget "G1KWaveTests" */ = {
			isa = XCConfigurationList;
			buildConfigurations = (
				ECEF8EED1DCC364500B2BDAC /* Debug */,
				ECEF8EEE1DCC364500B2BDAC /* Release */,
			);
			defaultConfigurationIsVisible = 0;
			defaultConfigurationName = Release;
		};
		ECEF8EEF1DCC364500B2BDAC /* Build configuration list for PBXNativeTarget "G1KWaveUITests" */ = {
			isa = XCConfigurationList;
			buildConfigurations = (
				ECEF8EF01DCC364500B2BDAC /* Debug */,
				ECEF8EF11DCC364500B2BDAC /* Release */,
			);
			defaultConfigurationIsVisible = 0;
			defaultConfigurationName = Release;
		};
/* End XCConfigurationList section */
	};
	rootObject = ECEF8EB41DCC364500B2BDAC /* Project object */;
}
